// !$*UTF8*$!
{
	archiveVersion = 1;
	classes = {
	};
	objectVersion = 55;
	objects = {

/* Begin PBXBuildFile section */
		53B6C43E33B4BD6F52F9F3FA /* Pods_ManyHands.framework in Frameworks */ = {isa = PBXBuildFile; fileRef = 8DCC67366BB11EDD4C16873A /* Pods_ManyHands.framework */; };
		B089D77BCFE808F09C58B190 /* Pods_ManyHands_ManyHandsUITests.framework in Frameworks */ = {isa = PBXBuildFile; fileRef = 7293E659027872DD1DB156FB /* Pods_ManyHands_ManyHandsUITests.framework */; };
		D6279CD7288D7C5400BE072F /* FirestoreUserFetchingService.swift in Sources */ = {isa = PBXBuildFile; fileRef = D6279CD6288D7C5400BE072F /* FirestoreUserFetchingService.swift */; };
		D6279CD9288DDD2100BE072F /* FetchUsernameService.swift in Sources */ = {isa = PBXBuildFile; fileRef = D6279CD8288DDD2100BE072F /* FetchUsernameService.swift */; };
		D6279CDB288E9E0700BE072F /* MockUserFetchingService.swift in Sources */ = {isa = PBXBuildFile; fileRef = D6279CDA288E9E0700BE072F /* MockUserFetchingService.swift */; };
		D6279CDE288FF79600BE072F /* ProductDescriptionCell.swift in Sources */ = {isa = PBXBuildFile; fileRef = D6279CDD288FF79600BE072F /* ProductDescriptionCell.swift */; };
		D6279CE02890128000BE072F /* HistoryEntryCell.swift in Sources */ = {isa = PBXBuildFile; fileRef = D6279CDF2890128000BE072F /* HistoryEntryCell.swift */; };
		D641657928860A5A00E8943D /* UIViewControllerExtensions.swift in Sources */ = {isa = PBXBuildFile; fileRef = D641657828860A5A00E8943D /* UIViewControllerExtensions.swift */; };
		D641657B288698D200E8943D /* Product.swift in Sources */ = {isa = PBXBuildFile; fileRef = D641657A288698D200E8943D /* Product.swift */; };
		D641657D288698DC00E8943D /* HistoryEntry.swift in Sources */ = {isa = PBXBuildFile; fileRef = D641657C288698DC00E8943D /* HistoryEntry.swift */; };
		D641658228869D4F00E8943D /* ProductViewController.swift in Sources */ = {isa = PBXBuildFile; fileRef = D641658128869D4F00E8943D /* ProductViewController.swift */; };
		D641658428869D5900E8943D /* ProductViewModel.swift in Sources */ = {isa = PBXBuildFile; fileRef = D641658328869D5900E8943D /* ProductViewModel.swift */; };
		D641658628869D6700E8943D /* LoginViewModel.swift in Sources */ = {isa = PBXBuildFile; fileRef = D641658528869D6700E8943D /* LoginViewModel.swift */; };
		D641658B2886C6E200E8943D /* RootViewModel.swift in Sources */ = {isa = PBXBuildFile; fileRef = D641658A2886C6E200E8943D /* RootViewModel.swift */; };
		D641658D2886C73300E8943D /* Constants.swift in Sources */ = {isa = PBXBuildFile; fileRef = D641658C2886C73300E8943D /* Constants.swift */; };
		D64F2534288AFABA00D6F94B /* ProductViewModelTests.swift in Sources */ = {isa = PBXBuildFile; fileRef = D64F2533288AFABA00D6F94B /* ProductViewModelTests.swift */; };
		D6502491288873FB001AC13F /* UserService.swift in Sources */ = {isa = PBXBuildFile; fileRef = D6502490288873FB001AC13F /* UserService.swift */; };
		D65024932888814B001AC13F /* LoginViewModelTests.swift in Sources */ = {isa = PBXBuildFile; fileRef = D65024922888814B001AC13F /* LoginViewModelTests.swift */; };
		D6502497288887A1001AC13F /* LoginViewControllerTests.swift in Sources */ = {isa = PBXBuildFile; fileRef = D6502496288887A1001AC13F /* LoginViewControllerTests.swift */; };
		D65024992888922F001AC13F /* ProductViewControllerTests.swift in Sources */ = {isa = PBXBuildFile; fileRef = D65024982888922F001AC13F /* ProductViewControllerTests.swift */; };
		D685C86A2886E74400398567 /* ProductService.swift in Sources */ = {isa = PBXBuildFile; fileRef = D685C8692886E74400398567 /* ProductService.swift */; };
		D6A028AF2889F52B00E49499 /* MockUserService.swift in Sources */ = {isa = PBXBuildFile; fileRef = D6A028AE2889F52B00E49499 /* MockUserService.swift */; };
		D6AFEF6628855A2600C65063 /* LoginViewController.swift in Sources */ = {isa = PBXBuildFile; fileRef = D6AFEF6528855A2600C65063 /* LoginViewController.swift */; };
		D6BDE474288566A000DED4C2 /* StringValidationExtensions.swift in Sources */ = {isa = PBXBuildFile; fileRef = D6BDE473288566A000DED4C2 /* StringValidationExtensions.swift */; };
		D6BDE49728859C7C00DED4C2 /* DatabaseConstants.swift in Sources */ = {isa = PBXBuildFile; fileRef = D6BDE49628859C7C00DED4C2 /* DatabaseConstants.swift */; };
		D6CF1BA6288AACBA00EE6683 /* RootViewControllerTests.swift in Sources */ = {isa = PBXBuildFile; fileRef = D6CF1BA5288AACBA00EE6683 /* RootViewControllerTests.swift */; };
		D6CF1BA8288AB63000EE6683 /* MockProductService.swift in Sources */ = {isa = PBXBuildFile; fileRef = D6CF1BA7288AB63000EE6683 /* MockProductService.swift */; };
		D6E369D02885A69500296589 /* ShortCode.swift in Sources */ = {isa = PBXBuildFile; fileRef = D6E369CF2885A69500296589 /* ShortCode.swift */; };
		D6E369D22885EB0900296589 /* FirestoreDataHandler.swift in Sources */ = {isa = PBXBuildFile; fileRef = D6E369D12885EB0900296589 /* FirestoreDataHandler.swift */; };
		D6E9A7D9288474C30097E71C /* AppDelegate.swift in Sources */ = {isa = PBXBuildFile; fileRef = D6E9A7D8288474C30097E71C /* AppDelegate.swift */; };
		D6E9A7DB288474C30097E71C /* SceneDelegate.swift in Sources */ = {isa = PBXBuildFile; fileRef = D6E9A7DA288474C30097E71C /* SceneDelegate.swift */; };
		D6E9A7DD288474C30097E71C /* RootViewController.swift in Sources */ = {isa = PBXBuildFile; fileRef = D6E9A7DC288474C30097E71C /* RootViewController.swift */; };
		D6E9A7E0288474C30097E71C /* Main.storyboard in Resources */ = {isa = PBXBuildFile; fileRef = D6E9A7DE288474C30097E71C /* Main.storyboard */; };
		D6E9A7E2288474C40097E71C /* Assets.xcassets in Resources */ = {isa = PBXBuildFile; fileRef = D6E9A7E1288474C40097E71C /* Assets.xcassets */; };
		D6E9A7E5288474C40097E71C /* LaunchScreen.storyboard in Resources */ = {isa = PBXBuildFile; fileRef = D6E9A7E3288474C40097E71C /* LaunchScreen.storyboard */; };
		D6E9A7F0288474C50097E71C /* ManyHandsTests.swift in Sources */ = {isa = PBXBuildFile; fileRef = D6E9A7EF288474C50097E71C /* ManyHandsTests.swift */; };
		D6E9A7FA288474C50097E71C /* ManyHandsUITests.swift in Sources */ = {isa = PBXBuildFile; fileRef = D6E9A7F9288474C50097E71C /* ManyHandsUITests.swift */; };
		D6E9A7FC288474C50097E71C /* ManyHandsUITestsLaunchTests.swift in Sources */ = {isa = PBXBuildFile; fileRef = D6E9A7FB288474C50097E71C /* ManyHandsUITestsLaunchTests.swift */; };
		D6E9A8092884B85E0097E71C /* GoogleService-Info.plist in Resources */ = {isa = PBXBuildFile; fileRef = D6E9A8082884B85E0097E71C /* GoogleService-Info.plist */; };
		D6F7BEF92889A596000026D2 /* RootViewModelTests.swift in Sources */ = {isa = PBXBuildFile; fileRef = D6F7BEF82889A596000026D2 /* RootViewModelTests.swift */; };
		D6F7BEFB2889A678000026D2 /* ValueSpy.swift in Sources */ = {isa = PBXBuildFile; fileRef = D6F7BEFA2889A678000026D2 /* ValueSpy.swift */; };
		E015BA6EF66D69516CE21F29 /* Pods_ManyHandsTests.framework in Frameworks */ = {isa = PBXBuildFile; fileRef = 4B1F3B2BD9BF190C0AA4EBB2 /* Pods_ManyHandsTests.framework */; };
/* End PBXBuildFile section */

/* Begin PBXContainerItemProxy section */
		D6E9A7EC288474C50097E71C /* PBXContainerItemProxy */ = {
			isa = PBXContainerItemProxy;
			containerPortal = D6E9A7CD288474C30097E71C /* Project object */;
			proxyType = 1;
			remoteGlobalIDString = D6E9A7D4288474C30097E71C;
			remoteInfo = ManyHands;
		};
		D6E9A7F6288474C50097E71C /* PBXContainerItemProxy */ = {
			isa = PBXContainerItemProxy;
			containerPortal = D6E9A7CD288474C30097E71C /* Project object */;
			proxyType = 1;
			remoteGlobalIDString = D6E9A7D4288474C30097E71C;
			remoteInfo = ManyHands;
		};
/* End PBXContainerItemProxy section */

/* Begin PBXFileReference section */
		150459EC447E59A19D501C48 /* Pods-ManyHands.debug.xcconfig */ = {isa = PBXFileReference; includeInIndex = 1; lastKnownFileType = text.xcconfig; name = "Pods-ManyHands.debug.xcconfig"; path = "Target Support Files/Pods-ManyHands/Pods-ManyHands.debug.xcconfig"; sourceTree = "<group>"; };
		302A0A248DF07088449F9DB1 /* Pods-ManyHands-ManyHandsUITests.debug.xcconfig */ = {isa = PBXFileReference; includeInIndex = 1; lastKnownFileType = text.xcconfig; name = "Pods-ManyHands-ManyHandsUITests.debug.xcconfig"; path = "Target Support Files/Pods-ManyHands-ManyHandsUITests/Pods-ManyHands-ManyHandsUITests.debug.xcconfig"; sourceTree = "<group>"; };
		4B1F3B2BD9BF190C0AA4EBB2 /* Pods_ManyHandsTests.framework */ = {isa = PBXFileReference; explicitFileType = wrapper.framework; includeInIndex = 0; path = Pods_ManyHandsTests.framework; sourceTree = BUILT_PRODUCTS_DIR; };
		7293E659027872DD1DB156FB /* Pods_ManyHands_ManyHandsUITests.framework */ = {isa = PBXFileReference; explicitFileType = wrapper.framework; includeInIndex = 0; path = Pods_ManyHands_ManyHandsUITests.framework; sourceTree = BUILT_PRODUCTS_DIR; };
		74A299F6F3DD4ABBCD3013B0 /* Pods-ManyHandsTests.debug.xcconfig */ = {isa = PBXFileReference; includeInIndex = 1; lastKnownFileType = text.xcconfig; name = "Pods-ManyHandsTests.debug.xcconfig"; path = "Target Support Files/Pods-ManyHandsTests/Pods-ManyHandsTests.debug.xcconfig"; sourceTree = "<group>"; };
		7E9BE6748D92D16731BC5841 /* Pods-ManyHands.release.xcconfig */ = {isa = PBXFileReference; includeInIndex = 1; lastKnownFileType = text.xcconfig; name = "Pods-ManyHands.release.xcconfig"; path = "Target Support Files/Pods-ManyHands/Pods-ManyHands.release.xcconfig"; sourceTree = "<group>"; };
		871463FD613931B07422618C /* Pods-ManyHands-ManyHandsUITests.release.xcconfig */ = {isa = PBXFileReference; includeInIndex = 1; lastKnownFileType = text.xcconfig; name = "Pods-ManyHands-ManyHandsUITests.release.xcconfig"; path = "Target Support Files/Pods-ManyHands-ManyHandsUITests/Pods-ManyHands-ManyHandsUITests.release.xcconfig"; sourceTree = "<group>"; };
		8DCC67366BB11EDD4C16873A /* Pods_ManyHands.framework */ = {isa = PBXFileReference; explicitFileType = wrapper.framework; includeInIndex = 0; path = Pods_ManyHands.framework; sourceTree = BUILT_PRODUCTS_DIR; };
		D6279CD6288D7C5400BE072F /* FirestoreUserFetchingService.swift */ = {isa = PBXFileReference; lastKnownFileType = sourcecode.swift; path = FirestoreUserFetchingService.swift; sourceTree = "<group>"; };
		D6279CD8288DDD2100BE072F /* FetchUsernameService.swift */ = {isa = PBXFileReference; lastKnownFileType = sourcecode.swift; path = FetchUsernameService.swift; sourceTree = "<group>"; };
		D6279CDA288E9E0700BE072F /* MockUserFetchingService.swift */ = {isa = PBXFileReference; lastKnownFileType = sourcecode.swift; path = MockUserFetchingService.swift; sourceTree = "<group>"; };
		D6279CDD288FF79600BE072F /* ProductDescriptionCell.swift */ = {isa = PBXFileReference; lastKnownFileType = sourcecode.swift; path = ProductDescriptionCell.swift; sourceTree = "<group>"; };
		D6279CDF2890128000BE072F /* HistoryEntryCell.swift */ = {isa = PBXFileReference; lastKnownFileType = sourcecode.swift; path = HistoryEntryCell.swift; sourceTree = "<group>"; };
		D641657828860A5A00E8943D /* UIViewControllerExtensions.swift */ = {isa = PBXFileReference; lastKnownFileType = sourcecode.swift; path = UIViewControllerExtensions.swift; sourceTree = "<group>"; };
		D641657A288698D200E8943D /* Product.swift */ = {isa = PBXFileReference; lastKnownFileType = sourcecode.swift; path = Product.swift; sourceTree = "<group>"; };
		D641657C288698DC00E8943D /* HistoryEntry.swift */ = {isa = PBXFileReference; lastKnownFileType = sourcecode.swift; path = HistoryEntry.swift; sourceTree = "<group>"; };
		D641658128869D4F00E8943D /* ProductViewController.swift */ = {isa = PBXFileReference; lastKnownFileType = sourcecode.swift; path = ProductViewController.swift; sourceTree = "<group>"; };
		D641658328869D5900E8943D /* ProductViewModel.swift */ = {isa = PBXFileReference; lastKnownFileType = sourcecode.swift; path = ProductViewModel.swift; sourceTree = "<group>"; };
		D641658528869D6700E8943D /* LoginViewModel.swift */ = {isa = PBXFileReference; lastKnownFileType = sourcecode.swift; path = LoginViewModel.swift; sourceTree = "<group>"; };
		D641658A2886C6E200E8943D /* RootViewModel.swift */ = {isa = PBXFileReference; lastKnownFileType = sourcecode.swift; path = RootViewModel.swift; sourceTree = "<group>"; };
		D641658C2886C73300E8943D /* Constants.swift */ = {isa = PBXFileReference; lastKnownFileType = sourcecode.swift; path = Constants.swift; sourceTree = "<group>"; };
		D64F2533288AFABA00D6F94B /* ProductViewModelTests.swift */ = {isa = PBXFileReference; lastKnownFileType = sourcecode.swift; path = ProductViewModelTests.swift; sourceTree = "<group>"; };
		D6502490288873FB001AC13F /* UserService.swift */ = {isa = PBXFileReference; lastKnownFileType = sourcecode.swift; path = UserService.swift; sourceTree = "<group>"; };
		D65024922888814B001AC13F /* LoginViewModelTests.swift */ = {isa = PBXFileReference; lastKnownFileType = sourcecode.swift; path = LoginViewModelTests.swift; sourceTree = "<group>"; };
		D6502496288887A1001AC13F /* LoginViewControllerTests.swift */ = {isa = PBXFileReference; lastKnownFileType = sourcecode.swift; path = LoginViewControllerTests.swift; sourceTree = "<group>"; };
		D65024982888922F001AC13F /* ProductViewControllerTests.swift */ = {isa = PBXFileReference; lastKnownFileType = sourcecode.swift; path = ProductViewControllerTests.swift; sourceTree = "<group>"; };
		D685C8692886E74400398567 /* ProductService.swift */ = {isa = PBXFileReference; lastKnownFileType = sourcecode.swift; path = ProductService.swift; sourceTree = "<group>"; };
		D6A028AE2889F52B00E49499 /* MockUserService.swift */ = {isa = PBXFileReference; fileEncoding = 4; lastKnownFileType = sourcecode.swift; path = MockUserService.swift; sourceTree = "<group>"; };
		D6AFEF6528855A2600C65063 /* LoginViewController.swift */ = {isa = PBXFileReference; lastKnownFileType = sourcecode.swift; path = LoginViewController.swift; sourceTree = "<group>"; };
		D6BDE473288566A000DED4C2 /* StringValidationExtensions.swift */ = {isa = PBXFileReference; lastKnownFileType = sourcecode.swift; path = StringValidationExtensions.swift; sourceTree = "<group>"; };
		D6BDE495288599CE00DED4C2 /* ManyHands.entitlements */ = {isa = PBXFileReference; lastKnownFileType = text.plist.entitlements; path = ManyHands.entitlements; sourceTree = "<group>"; };
		D6BDE49628859C7C00DED4C2 /* DatabaseConstants.swift */ = {isa = PBXFileReference; lastKnownFileType = sourcecode.swift; path = DatabaseConstants.swift; sourceTree = "<group>"; };
		D6CF1BA5288AACBA00EE6683 /* RootViewControllerTests.swift */ = {isa = PBXFileReference; lastKnownFileType = sourcecode.swift; path = RootViewControllerTests.swift; sourceTree = "<group>"; };
		D6CF1BA7288AB63000EE6683 /* MockProductService.swift */ = {isa = PBXFileReference; lastKnownFileType = sourcecode.swift; path = MockProductService.swift; sourceTree = "<group>"; };
		D6E369CF2885A69500296589 /* ShortCode.swift */ = {isa = PBXFileReference; lastKnownFileType = sourcecode.swift; path = ShortCode.swift; sourceTree = "<group>"; };
		D6E369D12885EB0900296589 /* FirestoreDataHandler.swift */ = {isa = PBXFileReference; lastKnownFileType = sourcecode.swift; path = FirestoreDataHandler.swift; sourceTree = "<group>"; };
		D6E9A7D5288474C30097E71C /* ManyHands.app */ = {isa = PBXFileReference; explicitFileType = wrapper.application; includeInIndex = 0; path = ManyHands.app; sourceTree = BUILT_PRODUCTS_DIR; };
		D6E9A7D8288474C30097E71C /* AppDelegate.swift */ = {isa = PBXFileReference; lastKnownFileType = sourcecode.swift; path = AppDelegate.swift; sourceTree = "<group>"; };
		D6E9A7DA288474C30097E71C /* SceneDelegate.swift */ = {isa = PBXFileReference; lastKnownFileType = sourcecode.swift; path = SceneDelegate.swift; sourceTree = "<group>"; };
		D6E9A7DC288474C30097E71C /* RootViewController.swift */ = {isa = PBXFileReference; lastKnownFileType = sourcecode.swift; path = RootViewController.swift; sourceTree = "<group>"; };
		D6E9A7DF288474C30097E71C /* Base */ = {isa = PBXFileReference; lastKnownFileType = file.storyboard; name = Base; path = Base.lproj/Main.storyboard; sourceTree = "<group>"; };
		D6E9A7E1288474C40097E71C /* Assets.xcassets */ = {isa = PBXFileReference; lastKnownFileType = folder.assetcatalog; path = Assets.xcassets; sourceTree = "<group>"; };
		D6E9A7E4288474C40097E71C /* Base */ = {isa = PBXFileReference; lastKnownFileType = file.storyboard; name = Base; path = Base.lproj/LaunchScreen.storyboard; sourceTree = "<group>"; };
		D6E9A7E6288474C40097E71C /* Info.plist */ = {isa = PBXFileReference; lastKnownFileType = text.plist.xml; path = Info.plist; sourceTree = "<group>"; };
		D6E9A7EB288474C50097E71C /* ManyHandsTests.xctest */ = {isa = PBXFileReference; explicitFileType = wrapper.cfbundle; includeInIndex = 0; path = ManyHandsTests.xctest; sourceTree = BUILT_PRODUCTS_DIR; };
		D6E9A7EF288474C50097E71C /* ManyHandsTests.swift */ = {isa = PBXFileReference; lastKnownFileType = sourcecode.swift; path = ManyHandsTests.swift; sourceTree = "<group>"; };
		D6E9A7F5288474C50097E71C /* ManyHandsUITests.xctest */ = {isa = PBXFileReference; explicitFileType = wrapper.cfbundle; includeInIndex = 0; path = ManyHandsUITests.xctest; sourceTree = BUILT_PRODUCTS_DIR; };
		D6E9A7F9288474C50097E71C /* ManyHandsUITests.swift */ = {isa = PBXFileReference; lastKnownFileType = sourcecode.swift; path = ManyHandsUITests.swift; sourceTree = "<group>"; };
		D6E9A7FB288474C50097E71C /* ManyHandsUITestsLaunchTests.swift */ = {isa = PBXFileReference; lastKnownFileType = sourcecode.swift; path = ManyHandsUITestsLaunchTests.swift; sourceTree = "<group>"; };
		D6E9A8082884B85E0097E71C /* GoogleService-Info.plist */ = {isa = PBXFileReference; fileEncoding = 4; lastKnownFileType = text.plist.xml; path = "GoogleService-Info.plist"; sourceTree = "<group>"; };
		D6F7BEF82889A596000026D2 /* RootViewModelTests.swift */ = {isa = PBXFileReference; lastKnownFileType = sourcecode.swift; path = RootViewModelTests.swift; sourceTree = "<group>"; };
		D6F7BEFA2889A678000026D2 /* ValueSpy.swift */ = {isa = PBXFileReference; lastKnownFileType = sourcecode.swift; path = ValueSpy.swift; sourceTree = "<group>"; };
		F8B0B4285490DB7A9A1577E3 /* Pods-ManyHandsTests.release.xcconfig */ = {isa = PBXFileReference; includeInIndex = 1; lastKnownFileType = text.xcconfig; name = "Pods-ManyHandsTests.release.xcconfig"; path = "Target Support Files/Pods-ManyHandsTests/Pods-ManyHandsTests.release.xcconfig"; sourceTree = "<group>"; };
/* End PBXFileReference section */

/* Begin PBXFrameworksBuildPhase section */
		D6E9A7D2288474C30097E71C /* Frameworks */ = {
			isa = PBXFrameworksBuildPhase;
			buildActionMask = 2147483647;
			files = (
				53B6C43E33B4BD6F52F9F3FA /* Pods_ManyHands.framework in Frameworks */,
			);
			runOnlyForDeploymentPostprocessing = 0;
		};
		D6E9A7E8288474C50097E71C /* Frameworks */ = {
			isa = PBXFrameworksBuildPhase;
			buildActionMask = 2147483647;
			files = (
				E015BA6EF66D69516CE21F29 /* Pods_ManyHandsTests.framework in Frameworks */,
			);
			runOnlyForDeploymentPostprocessing = 0;
		};
		D6E9A7F2288474C50097E71C /* Frameworks */ = {
			isa = PBXFrameworksBuildPhase;
			buildActionMask = 2147483647;
			files = (
				B089D77BCFE808F09C58B190 /* Pods_ManyHands_ManyHandsUITests.framework in Frameworks */,
			);
			runOnlyForDeploymentPostprocessing = 0;
		};
/* End PBXFrameworksBuildPhase section */

/* Begin PBXGroup section */
		BF9631492F38C6A168BCD226 /* Frameworks */ = {
			isa = PBXGroup;
			children = (
				8DCC67366BB11EDD4C16873A /* Pods_ManyHands.framework */,
				7293E659027872DD1DB156FB /* Pods_ManyHands_ManyHandsUITests.framework */,
				4B1F3B2BD9BF190C0AA4EBB2 /* Pods_ManyHandsTests.framework */,
			);
			name = Frameworks;
			sourceTree = "<group>";
		};
		D6279CDC288FF77E00BE072F /* TableViewCells */ = {
			isa = PBXGroup;
			children = (
				D6279CDD288FF79600BE072F /* ProductDescriptionCell.swift */,
				D6279CDF2890128000BE072F /* HistoryEntryCell.swift */,
			);
			path = TableViewCells;
			sourceTree = "<group>";
		};
		D641657E288698E100E8943D /* Model */ = {
			isa = PBXGroup;
			children = (
				D641657A288698D200E8943D /* Product.swift */,
				D641657C288698DC00E8943D /* HistoryEntry.swift */,
			);
			path = Model;
			sourceTree = "<group>";
		};
		D641657F288698F700E8943D /* Utilities */ = {
			isa = PBXGroup;
			children = (
				D6BDE473288566A000DED4C2 /* StringValidationExtensions.swift */,
				D641657828860A5A00E8943D /* UIViewControllerExtensions.swift */,
				D641658C2886C73300E8943D /* Constants.swift */,
			);
			path = Utilities;
			sourceTree = "<group>";
		};
		D64165802886990F00E8943D /* FirestoreDataStorage */ = {
			isa = PBXGroup;
			children = (
				D6E369CF2885A69500296589 /* ShortCode.swift */,
				D6BDE49628859C7C00DED4C2 /* DatabaseConstants.swift */,
				D6E369D12885EB0900296589 /* FirestoreDataHandler.swift */,
			);
			path = FirestoreDataStorage;
			sourceTree = "<group>";
		};
		D641658728869D7100E8943D /* LoginPage */ = {
			isa = PBXGroup;
			children = (
				D641658528869D6700E8943D /* LoginViewModel.swift */,
				D6AFEF6528855A2600C65063 /* LoginViewController.swift */,
			);
			path = LoginPage;
			sourceTree = "<group>";
		};
		D641658828869D8000E8943D /* ProductPage */ = {
			isa = PBXGroup;
			children = (
				D6279CDC288FF77E00BE072F /* TableViewCells */,
				D641658328869D5900E8943D /* ProductViewModel.swift */,
				D641658128869D4F00E8943D /* ProductViewController.swift */,
			);
			path = ProductPage;
			sourceTree = "<group>";
		};
		D64165892886C34600E8943D /* RootPage */ = {
			isa = PBXGroup;
			children = (
				D641658A2886C6E200E8943D /* RootViewModel.swift */,
				D6E9A7DC288474C30097E71C /* RootViewController.swift */,
			);
			path = RootPage;
			sourceTree = "<group>";
		};
		D6A028B0288A9B5A00E49499 /* LoginPage */ = {
			isa = PBXGroup;
			children = (
				D65024922888814B001AC13F /* LoginViewModelTests.swift */,
				D6502496288887A1001AC13F /* LoginViewControllerTests.swift */,
			);
			path = LoginPage;
			sourceTree = "<group>";
		};
		D6A028B1288A9B6A00E49499 /* Helpers */ = {
			isa = PBXGroup;
			children = (
				D6279CDA288E9E0700BE072F /* MockUserFetchingService.swift */,
				D6F7BEFA2889A678000026D2 /* ValueSpy.swift */,
				D6A028AE2889F52B00E49499 /* MockUserService.swift */,
				D6CF1BA7288AB63000EE6683 /* MockProductService.swift */,
			);
			path = Helpers;
			sourceTree = "<group>";
		};
		D6A028B2288A9B8800E49499 /* ProductPage */ = {
			isa = PBXGroup;
			children = (
				D65024982888922F001AC13F /* ProductViewControllerTests.swift */,
				D64F2533288AFABA00D6F94B /* ProductViewModelTests.swift */,
			);
			path = ProductPage;
			sourceTree = "<group>";
		};
		D6A028B3288A9B9600E49499 /* RootPage */ = {
			isa = PBXGroup;
			children = (
				D6F7BEF82889A596000026D2 /* RootViewModelTests.swift */,
				D6CF1BA5288AACBA00EE6683 /* RootViewControllerTests.swift */,
			);
			path = RootPage;
			sourceTree = "<group>";
		};
		D6A028B4288A9BFC00E49499 /* Services */ = {
			isa = PBXGroup;
			children = (
				D685C8692886E74400398567 /* ProductService.swift */,
				D6502490288873FB001AC13F /* UserService.swift */,
				D6279CD8288DDD2100BE072F /* FetchUsernameService.swift */,
				D6279CD6288D7C5400BE072F /* FirestoreUserFetchingService.swift */,
			);
			path = Services;
			sourceTree = "<group>";
		};
		D6E9A7CC288474C30097E71C = {
			isa = PBXGroup;
			children = (
				D6E9A7D7288474C30097E71C /* ManyHands */,
				D6E9A7EE288474C50097E71C /* ManyHandsTests */,
				D6E9A7F8288474C50097E71C /* ManyHandsUITests */,
				D6E9A7D6288474C30097E71C /* Products */,
				FD7F87CA446246E8A92694CE /* Pods */,
				BF9631492F38C6A168BCD226 /* Frameworks */,
			);
			sourceTree = "<group>";
		};
		D6E9A7D6288474C30097E71C /* Products */ = {
			isa = PBXGroup;
			children = (
				D6E9A7D5288474C30097E71C /* ManyHands.app */,
				D6E9A7EB288474C50097E71C /* ManyHandsTests.xctest */,
				D6E9A7F5288474C50097E71C /* ManyHandsUITests.xctest */,
			);
			name = Products;
			sourceTree = "<group>";
		};
		D6E9A7D7288474C30097E71C /* ManyHands */ = {
			isa = PBXGroup;
			children = (
				D6BDE495288599CE00DED4C2 /* ManyHands.entitlements */,
				D6E9A7D8288474C30097E71C /* AppDelegate.swift */,
				D6E9A7DA288474C30097E71C /* SceneDelegate.swift */,
				D641657F288698F700E8943D /* Utilities */,
				D64165802886990F00E8943D /* FirestoreDataStorage */,
				D641657E288698E100E8943D /* Model */,
				D6A028B4288A9BFC00E49499 /* Services */,
				D641658728869D7100E8943D /* LoginPage */,
				D64165892886C34600E8943D /* RootPage */,
				D641658828869D8000E8943D /* ProductPage */,
				D6E9A7DE288474C30097E71C /* Main.storyboard */,
				D6E9A7E1288474C40097E71C /* Assets.xcassets */,
				D6E9A7E3288474C40097E71C /* LaunchScreen.storyboard */,
				D6E9A8082884B85E0097E71C /* GoogleService-Info.plist */,
				D6E9A7E6288474C40097E71C /* Info.plist */,
			);
			path = ManyHands;
			sourceTree = "<group>";
		};
		D6E9A7EE288474C50097E71C /* ManyHandsTests */ = {
			isa = PBXGroup;
			children = (
				D6E9A7EF288474C50097E71C /* ManyHandsTests.swift */,
				D6A028B1288A9B6A00E49499 /* Helpers */,
				D6A028B0288A9B5A00E49499 /* LoginPage */,
				D6A028B3288A9B9600E49499 /* RootPage */,
				D6A028B2288A9B8800E49499 /* ProductPage */,
			);
			path = ManyHandsTests;
			sourceTree = "<group>";
		};
		D6E9A7F8288474C50097E71C /* ManyHandsUITests */ = {
			isa = PBXGroup;
			children = (
				D6E9A7F9288474C50097E71C /* ManyHandsUITests.swift */,
				D6E9A7FB288474C50097E71C /* ManyHandsUITestsLaunchTests.swift */,
			);
			path = ManyHandsUITests;
			sourceTree = "<group>";
		};
		FD7F87CA446246E8A92694CE /* Pods */ = {
			isa = PBXGroup;
			children = (
				150459EC447E59A19D501C48 /* Pods-ManyHands.debug.xcconfig */,
				7E9BE6748D92D16731BC5841 /* Pods-ManyHands.release.xcconfig */,
				302A0A248DF07088449F9DB1 /* Pods-ManyHands-ManyHandsUITests.debug.xcconfig */,
				871463FD613931B07422618C /* Pods-ManyHands-ManyHandsUITests.release.xcconfig */,
				74A299F6F3DD4ABBCD3013B0 /* Pods-ManyHandsTests.debug.xcconfig */,
				F8B0B4285490DB7A9A1577E3 /* Pods-ManyHandsTests.release.xcconfig */,
			);
			path = Pods;
			sourceTree = "<group>";
		};
/* End PBXGroup section */

/* Begin PBXNativeTarget section */
		D6E9A7D4288474C30097E71C /* ManyHands */ = {
			isa = PBXNativeTarget;
			buildConfigurationList = D6E9A7FF288474C50097E71C /* Build configuration list for PBXNativeTarget "ManyHands" */;
			buildPhases = (
				D5A65E67009AE024876DA6EF /* [CP] Check Pods Manifest.lock */,
				D6E9A7D1288474C30097E71C /* Sources */,
				D6E9A7D2288474C30097E71C /* Frameworks */,
				D6E9A7D3288474C30097E71C /* Resources */,
				92A35042A6A115F054ECE359 /* [CP] Embed Pods Frameworks */,
			);
			buildRules = (
			);
			dependencies = (
			);
			name = ManyHands;
			productName = ManyHands;
			productReference = D6E9A7D5288474C30097E71C /* ManyHands.app */;
			productType = "com.apple.product-type.application";
		};
		D6E9A7EA288474C50097E71C /* ManyHandsTests */ = {
			isa = PBXNativeTarget;
			buildConfigurationList = D6E9A802288474C50097E71C /* Build configuration list for PBXNativeTarget "ManyHandsTests" */;
			buildPhases = (
				84CE6A64AA7117B40743E849 /* [CP] Check Pods Manifest.lock */,
				D6E9A7E7288474C50097E71C /* Sources */,
				D6E9A7E8288474C50097E71C /* Frameworks */,
				D6E9A7E9288474C50097E71C /* Resources */,
				A9989DB5780A2E65FB272FDF /* [CP] Embed Pods Frameworks */,
			);
			buildRules = (
			);
			dependencies = (
				D6E9A7ED288474C50097E71C /* PBXTargetDependency */,
			);
			name = ManyHandsTests;
			productName = ManyHandsTests;
			productReference = D6E9A7EB288474C50097E71C /* ManyHandsTests.xctest */;
			productType = "com.apple.product-type.bundle.unit-test";
		};
		D6E9A7F4288474C50097E71C /* ManyHandsUITests */ = {
			isa = PBXNativeTarget;
			buildConfigurationList = D6E9A805288474C50097E71C /* Build configuration list for PBXNativeTarget "ManyHandsUITests" */;
			buildPhases = (
				2E7E78DF3D3C76E6E59034DD /* [CP] Check Pods Manifest.lock */,
				D6E9A7F1288474C50097E71C /* Sources */,
				D6E9A7F2288474C50097E71C /* Frameworks */,
				D6E9A7F3288474C50097E71C /* Resources */,
				A6B9D17D8A191E4BA8B2CA26 /* [CP] Embed Pods Frameworks */,
			);
			buildRules = (
			);
			dependencies = (
				D6E9A7F7288474C50097E71C /* PBXTargetDependency */,
			);
			name = ManyHandsUITests;
			productName = ManyHandsUITests;
			productReference = D6E9A7F5288474C50097E71C /* ManyHandsUITests.xctest */;
			productType = "com.apple.product-type.bundle.ui-testing";
		};
/* End PBXNativeTarget section */

/* Begin PBXProject section */
		D6E9A7CD288474C30097E71C /* Project object */ = {
			isa = PBXProject;
			attributes = {
				BuildIndependentTargetsInParallel = 1;
				LastSwiftUpdateCheck = 1340;
				LastUpgradeCheck = 1340;
				TargetAttributes = {
					D6E9A7D4288474C30097E71C = {
						CreatedOnToolsVersion = 13.4.1;
					};
					D6E9A7EA288474C50097E71C = {
						CreatedOnToolsVersion = 13.4.1;
						TestTargetID = D6E9A7D4288474C30097E71C;
					};
					D6E9A7F4288474C50097E71C = {
						CreatedOnToolsVersion = 13.4.1;
						TestTargetID = D6E9A7D4288474C30097E71C;
					};
				};
			};
			buildConfigurationList = D6E9A7D0288474C30097E71C /* Build configuration list for PBXProject "ManyHands" */;
			compatibilityVersion = "Xcode 13.0";
			developmentRegion = en;
			hasScannedForEncodings = 0;
			knownRegions = (
				en,
				Base,
			);
			mainGroup = D6E9A7CC288474C30097E71C;
			productRefGroup = D6E9A7D6288474C30097E71C /* Products */;
			projectDirPath = "";
			projectRoot = "";
			targets = (
				D6E9A7D4288474C30097E71C /* ManyHands */,
				D6E9A7EA288474C50097E71C /* ManyHandsTests */,
				D6E9A7F4288474C50097E71C /* ManyHandsUITests */,
			);
		};
/* End PBXProject section */

/* Begin PBXResourcesBuildPhase section */
		D6E9A7D3288474C30097E71C /* Resources */ = {
			isa = PBXResourcesBuildPhase;
			buildActionMask = 2147483647;
			files = (
				D6E9A7E5288474C40097E71C /* LaunchScreen.storyboard in Resources */,
				D6E9A8092884B85E0097E71C /* GoogleService-Info.plist in Resources */,
				D6E9A7E2288474C40097E71C /* Assets.xcassets in Resources */,
				D6E9A7E0288474C30097E71C /* Main.storyboard in Resources */,
			);
			runOnlyForDeploymentPostprocessing = 0;
		};
		D6E9A7E9288474C50097E71C /* Resources */ = {
			isa = PBXResourcesBuildPhase;
			buildActionMask = 2147483647;
			files = (
			);
			runOnlyForDeploymentPostprocessing = 0;
		};
		D6E9A7F3288474C50097E71C /* Resources */ = {
			isa = PBXResourcesBuildPhase;
			buildActionMask = 2147483647;
			files = (
			);
			runOnlyForDeploymentPostprocessing = 0;
		};
/* End PBXResourcesBuildPhase section */

/* Begin PBXShellScriptBuildPhase section */
		2E7E78DF3D3C76E6E59034DD /* [CP] Check Pods Manifest.lock */ = {
			isa = PBXShellScriptBuildPhase;
			buildActionMask = 2147483647;
			files = (
			);
			inputFileListPaths = (
			);
			inputPaths = (
				"${PODS_PODFILE_DIR_PATH}/Podfile.lock",
				"${PODS_ROOT}/Manifest.lock",
			);
			name = "[CP] Check Pods Manifest.lock";
			outputFileListPaths = (
			);
			outputPaths = (
				"$(DERIVED_FILE_DIR)/Pods-ManyHands-ManyHandsUITests-checkManifestLockResult.txt",
			);
			runOnlyForDeploymentPostprocessing = 0;
			shellPath = /bin/sh;
			shellScript = "diff \"${PODS_PODFILE_DIR_PATH}/Podfile.lock\" \"${PODS_ROOT}/Manifest.lock\" > /dev/null\nif [ $? != 0 ] ; then\n    # print error to STDERR\n    echo \"error: The sandbox is not in sync with the Podfile.lock. Run 'pod install' or update your CocoaPods installation.\" >&2\n    exit 1\nfi\n# This output is used by Xcode 'outputs' to avoid re-running this script phase.\necho \"SUCCESS\" > \"${SCRIPT_OUTPUT_FILE_0}\"\n";
			showEnvVarsInLog = 0;
		};
		84CE6A64AA7117B40743E849 /* [CP] Check Pods Manifest.lock */ = {
			isa = PBXShellScriptBuildPhase;
			buildActionMask = 2147483647;
			files = (
			);
			inputFileListPaths = (
			);
			inputPaths = (
				"${PODS_PODFILE_DIR_PATH}/Podfile.lock",
				"${PODS_ROOT}/Manifest.lock",
			);
			name = "[CP] Check Pods Manifest.lock";
			outputFileListPaths = (
			);
			outputPaths = (
				"$(DERIVED_FILE_DIR)/Pods-ManyHandsTests-checkManifestLockResult.txt",
			);
			runOnlyForDeploymentPostprocessing = 0;
			shellPath = /bin/sh;
			shellScript = "diff \"${PODS_PODFILE_DIR_PATH}/Podfile.lock\" \"${PODS_ROOT}/Manifest.lock\" > /dev/null\nif [ $? != 0 ] ; then\n    # print error to STDERR\n    echo \"error: The sandbox is not in sync with the Podfile.lock. Run 'pod install' or update your CocoaPods installation.\" >&2\n    exit 1\nfi\n# This output is used by Xcode 'outputs' to avoid re-running this script phase.\necho \"SUCCESS\" > \"${SCRIPT_OUTPUT_FILE_0}\"\n";
			showEnvVarsInLog = 0;
		};
		92A35042A6A115F054ECE359 /* [CP] Embed Pods Frameworks */ = {
			isa = PBXShellScriptBuildPhase;
			buildActionMask = 2147483647;
			files = (
			);
			inputFileListPaths = (
				"${PODS_ROOT}/Target Support Files/Pods-ManyHands/Pods-ManyHands-frameworks-${CONFIGURATION}-input-files.xcfilelist",
			);
			name = "[CP] Embed Pods Frameworks";
			outputFileListPaths = (
				"${PODS_ROOT}/Target Support Files/Pods-ManyHands/Pods-ManyHands-frameworks-${CONFIGURATION}-output-files.xcfilelist",
			);
			runOnlyForDeploymentPostprocessing = 0;
			shellPath = /bin/sh;
			shellScript = "\"${PODS_ROOT}/Target Support Files/Pods-ManyHands/Pods-ManyHands-frameworks.sh\"\n";
			showEnvVarsInLog = 0;
		};
		A6B9D17D8A191E4BA8B2CA26 /* [CP] Embed Pods Frameworks */ = {
			isa = PBXShellScriptBuildPhase;
			buildActionMask = 2147483647;
			files = (
			);
			inputFileListPaths = (
				"${PODS_ROOT}/Target Support Files/Pods-ManyHands-ManyHandsUITests/Pods-ManyHands-ManyHandsUITests-frameworks-${CONFIGURATION}-input-files.xcfilelist",
			);
			name = "[CP] Embed Pods Frameworks";
			outputFileListPaths = (
				"${PODS_ROOT}/Target Support Files/Pods-ManyHands-ManyHandsUITests/Pods-ManyHands-ManyHandsUITests-frameworks-${CONFIGURATION}-output-files.xcfilelist",
			);
			runOnlyForDeploymentPostprocessing = 0;
			shellPath = /bin/sh;
			shellScript = "\"${PODS_ROOT}/Target Support Files/Pods-ManyHands-ManyHandsUITests/Pods-ManyHands-ManyHandsUITests-frameworks.sh\"\n";
			showEnvVarsInLog = 0;
		};
		A9989DB5780A2E65FB272FDF /* [CP] Embed Pods Frameworks */ = {
			isa = PBXShellScriptBuildPhase;
			buildActionMask = 2147483647;
			files = (
			);
			inputFileListPaths = (
				"${PODS_ROOT}/Target Support Files/Pods-ManyHandsTests/Pods-ManyHandsTests-frameworks-${CONFIGURATION}-input-files.xcfilelist",
			);
			name = "[CP] Embed Pods Frameworks";
			outputFileListPaths = (
				"${PODS_ROOT}/Target Support Files/Pods-ManyHandsTests/Pods-ManyHandsTests-frameworks-${CONFIGURATION}-output-files.xcfilelist",
			);
			runOnlyForDeploymentPostprocessing = 0;
			shellPath = /bin/sh;
			shellScript = "\"${PODS_ROOT}/Target Support Files/Pods-ManyHandsTests/Pods-ManyHandsTests-frameworks.sh\"\n";
			showEnvVarsInLog = 0;
		};
		D5A65E67009AE024876DA6EF /* [CP] Check Pods Manifest.lock */ = {
			isa = PBXShellScriptBuildPhase;
			buildActionMask = 2147483647;
			files = (
			);
			inputFileListPaths = (
			);
			inputPaths = (
				"${PODS_PODFILE_DIR_PATH}/Podfile.lock",
				"${PODS_ROOT}/Manifest.lock",
			);
			name = "[CP] Check Pods Manifest.lock";
			outputFileListPaths = (
			);
			outputPaths = (
				"$(DERIVED_FILE_DIR)/Pods-ManyHands-checkManifestLockResult.txt",
			);
			runOnlyForDeploymentPostprocessing = 0;
			shellPath = /bin/sh;
			shellScript = "diff \"${PODS_PODFILE_DIR_PATH}/Podfile.lock\" \"${PODS_ROOT}/Manifest.lock\" > /dev/null\nif [ $? != 0 ] ; then\n    # print error to STDERR\n    echo \"error: The sandbox is not in sync with the Podfile.lock. Run 'pod install' or update your CocoaPods installation.\" >&2\n    exit 1\nfi\n# This output is used by Xcode 'outputs' to avoid re-running this script phase.\necho \"SUCCESS\" > \"${SCRIPT_OUTPUT_FILE_0}\"\n";
			showEnvVarsInLog = 0;
		};
/* End PBXShellScriptBuildPhase section */

/* Begin PBXSourcesBuildPhase section */
		D6E9A7D1288474C30097E71C /* Sources */ = {
			isa = PBXSourcesBuildPhase;
			buildActionMask = 2147483647;
			files = (
				D6E369D22885EB0900296589 /* FirestoreDataHandler.swift in Sources */,
				D6E369D02885A69500296589 /* ShortCode.swift in Sources */,
				D6502491288873FB001AC13F /* UserService.swift in Sources */,
				D641657D288698DC00E8943D /* HistoryEntry.swift in Sources */,
				D6BDE474288566A000DED4C2 /* StringValidationExtensions.swift in Sources */,
				D6279CDE288FF79600BE072F /* ProductDescriptionCell.swift in Sources */,
				D6AFEF6628855A2600C65063 /* LoginViewController.swift in Sources */,
				D641658428869D5900E8943D /* ProductViewModel.swift in Sources */,
				D685C86A2886E74400398567 /* ProductService.swift in Sources */,
				D6279CE02890128000BE072F /* HistoryEntryCell.swift in Sources */,
				D641658628869D6700E8943D /* LoginViewModel.swift in Sources */,
				D641658D2886C73300E8943D /* Constants.swift in Sources */,
				D6279CD7288D7C5400BE072F /* FirestoreUserFetchingService.swift in Sources */,
				D6BDE49728859C7C00DED4C2 /* DatabaseConstants.swift in Sources */,
				D641658228869D4F00E8943D /* ProductViewController.swift in Sources */,
				D6E9A7DD288474C30097E71C /* RootViewController.swift in Sources */,
				D641658B2886C6E200E8943D /* RootViewModel.swift in Sources */,
				D641657928860A5A00E8943D /* UIViewControllerExtensions.swift in Sources */,
				D6279CD9288DDD2100BE072F /* FetchUsernameService.swift in Sources */,
				D641657B288698D200E8943D /* Product.swift in Sources */,
				D6E9A7D9288474C30097E71C /* AppDelegate.swift in Sources */,
				D6E9A7DB288474C30097E71C /* SceneDelegate.swift in Sources */,
			);
			runOnlyForDeploymentPostprocessing = 0;
		};
		D6E9A7E7288474C50097E71C /* Sources */ = {
			isa = PBXSourcesBuildPhase;
			buildActionMask = 2147483647;
			files = (
				D6F7BEF92889A596000026D2 /* RootViewModelTests.swift in Sources */,
				D6CF1BA8288AB63000EE6683 /* MockProductService.swift in Sources */,
				D6F7BEFB2889A678000026D2 /* ValueSpy.swift in Sources */,
				D6502497288887A1001AC13F /* LoginViewControllerTests.swift in Sources */,
				D6279CDB288E9E0700BE072F /* MockUserFetchingService.swift in Sources */,
				D65024932888814B001AC13F /* LoginViewModelTests.swift in Sources */,
				D6A028AF2889F52B00E49499 /* MockUserService.swift in Sources */,
				D64F2534288AFABA00D6F94B /* ProductViewModelTests.swift in Sources */,
				D6E9A7F0288474C50097E71C /* ManyHandsTests.swift in Sources */,
				D6CF1BA6288AACBA00EE6683 /* RootViewControllerTests.swift in Sources */,
				D65024992888922F001AC13F /* ProductViewControllerTests.swift in Sources */,
			);
			runOnlyForDeploymentPostprocessing = 0;
		};
		D6E9A7F1288474C50097E71C /* Sources */ = {
			isa = PBXSourcesBuildPhase;
			buildActionMask = 2147483647;
			files = (
				D6E9A7FC288474C50097E71C /* ManyHandsUITestsLaunchTests.swift in Sources */,
				D6E9A7FA288474C50097E71C /* ManyHandsUITests.swift in Sources */,
			);
			runOnlyForDeploymentPostprocessing = 0;
		};
/* End PBXSourcesBuildPhase section */

/* Begin PBXTargetDependency section */
		D6E9A7ED288474C50097E71C /* PBXTargetDependency */ = {
			isa = PBXTargetDependency;
			target = D6E9A7D4288474C30097E71C /* ManyHands */;
			targetProxy = D6E9A7EC288474C50097E71C /* PBXContainerItemProxy */;
		};
		D6E9A7F7288474C50097E71C /* PBXTargetDependency */ = {
			isa = PBXTargetDependency;
			target = D6E9A7D4288474C30097E71C /* ManyHands */;
			targetProxy = D6E9A7F6288474C50097E71C /* PBXContainerItemProxy */;
		};
/* End PBXTargetDependency section */

/* Begin PBXVariantGroup section */
		D6E9A7DE288474C30097E71C /* Main.storyboard */ = {
			isa = PBXVariantGroup;
			children = (
				D6E9A7DF288474C30097E71C /* Base */,
			);
			name = Main.storyboard;
			sourceTree = "<group>";
		};
		D6E9A7E3288474C40097E71C /* LaunchScreen.storyboard */ = {
			isa = PBXVariantGroup;
			children = (
				D6E9A7E4288474C40097E71C /* Base */,
			);
			name = LaunchScreen.storyboard;
			sourceTree = "<group>";
		};
/* End PBXVariantGroup section */

/* Begin XCBuildConfiguration section */
		D6E9A7FD288474C50097E71C /* Debug */ = {
			isa = XCBuildConfiguration;
			buildSettings = {
				ALWAYS_SEARCH_USER_PATHS = NO;
				CLANG_ANALYZER_NONNULL = YES;
				CLANG_ANALYZER_NUMBER_OBJECT_CONVERSION = YES_AGGRESSIVE;
				CLANG_CXX_LANGUAGE_STANDARD = "gnu++17";
				CLANG_ENABLE_MODULES = YES;
				CLANG_ENABLE_OBJC_ARC = YES;
				CLANG_ENABLE_OBJC_WEAK = YES;
				CLANG_WARN_BLOCK_CAPTURE_AUTORELEASING = YES;
				CLANG_WARN_BOOL_CONVERSION = YES;
				CLANG_WARN_COMMA = YES;
				CLANG_WARN_CONSTANT_CONVERSION = YES;
				CLANG_WARN_DEPRECATED_OBJC_IMPLEMENTATIONS = YES;
				CLANG_WARN_DIRECT_OBJC_ISA_USAGE = YES_ERROR;
				CLANG_WARN_DOCUMENTATION_COMMENTS = YES;
				CLANG_WARN_EMPTY_BODY = YES;
				CLANG_WARN_ENUM_CONVERSION = YES;
				CLANG_WARN_INFINITE_RECURSION = YES;
				CLANG_WARN_INT_CONVERSION = YES;
				CLANG_WARN_NON_LITERAL_NULL_CONVERSION = YES;
				CLANG_WARN_OBJC_IMPLICIT_RETAIN_SELF = YES;
				CLANG_WARN_OBJC_LITERAL_CONVERSION = YES;
				CLANG_WARN_OBJC_ROOT_CLASS = YES_ERROR;
				CLANG_WARN_QUOTED_INCLUDE_IN_FRAMEWORK_HEADER = YES;
				CLANG_WARN_RANGE_LOOP_ANALYSIS = YES;
				CLANG_WARN_STRICT_PROTOTYPES = YES;
				CLANG_WARN_SUSPICIOUS_MOVE = YES;
				CLANG_WARN_UNGUARDED_AVAILABILITY = YES_AGGRESSIVE;
				CLANG_WARN_UNREACHABLE_CODE = YES;
				CLANG_WARN__DUPLICATE_METHOD_MATCH = YES;
				COPY_PHASE_STRIP = NO;
				DEBUG_INFORMATION_FORMAT = dwarf;
				ENABLE_STRICT_OBJC_MSGSEND = YES;
				ENABLE_TESTABILITY = YES;
				GCC_C_LANGUAGE_STANDARD = gnu11;
				GCC_DYNAMIC_NO_PIC = NO;
				GCC_NO_COMMON_BLOCKS = YES;
				GCC_OPTIMIZATION_LEVEL = 0;
				GCC_PREPROCESSOR_DEFINITIONS = (
					"DEBUG=1",
					"$(inherited)",
				);
				GCC_WARN_64_TO_32_BIT_CONVERSION = YES;
				GCC_WARN_ABOUT_RETURN_TYPE = YES_ERROR;
				GCC_WARN_UNDECLARED_SELECTOR = YES;
				GCC_WARN_UNINITIALIZED_AUTOS = YES_AGGRESSIVE;
				GCC_WARN_UNUSED_FUNCTION = YES;
				GCC_WARN_UNUSED_VARIABLE = YES;
				IPHONEOS_DEPLOYMENT_TARGET = 15.0;
				MTL_ENABLE_DEBUG_INFO = INCLUDE_SOURCE;
				MTL_FAST_MATH = YES;
				ONLY_ACTIVE_ARCH = YES;
				SDKROOT = iphoneos;
				SWIFT_ACTIVE_COMPILATION_CONDITIONS = DEBUG;
				SWIFT_OPTIMIZATION_LEVEL = "-Onone";
			};
			name = Debug;
		};
		D6E9A7FE288474C50097E71C /* Release */ = {
			isa = XCBuildConfiguration;
			buildSettings = {
				ALWAYS_SEARCH_USER_PATHS = NO;
				CLANG_ANALYZER_NONNULL = YES;
				CLANG_ANALYZER_NUMBER_OBJECT_CONVERSION = YES_AGGRESSIVE;
				CLANG_CXX_LANGUAGE_STANDARD = "gnu++17";
				CLANG_ENABLE_MODULES = YES;
				CLANG_ENABLE_OBJC_ARC = YES;
				CLANG_ENABLE_OBJC_WEAK = YES;
				CLANG_WARN_BLOCK_CAPTURE_AUTORELEASING = YES;
				CLANG_WARN_BOOL_CONVERSION = YES;
				CLANG_WARN_COMMA = YES;
				CLANG_WARN_CONSTANT_CONVERSION = YES;
				CLANG_WARN_DEPRECATED_OBJC_IMPLEMENTATIONS = YES;
				CLANG_WARN_DIRECT_OBJC_ISA_USAGE = YES_ERROR;
				CLANG_WARN_DOCUMENTATION_COMMENTS = YES;
				CLANG_WARN_EMPTY_BODY = YES;
				CLANG_WARN_ENUM_CONVERSION = YES;
				CLANG_WARN_INFINITE_RECURSION = YES;
				CLANG_WARN_INT_CONVERSION = YES;
				CLANG_WARN_NON_LITERAL_NULL_CONVERSION = YES;
				CLANG_WARN_OBJC_IMPLICIT_RETAIN_SELF = YES;
				CLANG_WARN_OBJC_LITERAL_CONVERSION = YES;
				CLANG_WARN_OBJC_ROOT_CLASS = YES_ERROR;
				CLANG_WARN_QUOTED_INCLUDE_IN_FRAMEWORK_HEADER = YES;
				CLANG_WARN_RANGE_LOOP_ANALYSIS = YES;
				CLANG_WARN_STRICT_PROTOTYPES = YES;
				CLANG_WARN_SUSPICIOUS_MOVE = YES;
				CLANG_WARN_UNGUARDED_AVAILABILITY = YES_AGGRESSIVE;
				CLANG_WARN_UNREACHABLE_CODE = YES;
				CLANG_WARN__DUPLICATE_METHOD_MATCH = YES;
				COPY_PHASE_STRIP = NO;
				DEBUG_INFORMATION_FORMAT = "dwarf-with-dsym";
				ENABLE_NS_ASSERTIONS = NO;
				ENABLE_STRICT_OBJC_MSGSEND = YES;
				GCC_C_LANGUAGE_STANDARD = gnu11;
				GCC_NO_COMMON_BLOCKS = YES;
				GCC_WARN_64_TO_32_BIT_CONVERSION = YES;
				GCC_WARN_ABOUT_RETURN_TYPE = YES_ERROR;
				GCC_WARN_UNDECLARED_SELECTOR = YES;
				GCC_WARN_UNINITIALIZED_AUTOS = YES_AGGRESSIVE;
				GCC_WARN_UNUSED_FUNCTION = YES;
				GCC_WARN_UNUSED_VARIABLE = YES;
				IPHONEOS_DEPLOYMENT_TARGET = 15.0;
				MTL_ENABLE_DEBUG_INFO = NO;
				MTL_FAST_MATH = YES;
				SDKROOT = iphoneos;
				SWIFT_COMPILATION_MODE = wholemodule;
				SWIFT_OPTIMIZATION_LEVEL = "-O";
				VALIDATE_PRODUCT = YES;
			};
			name = Release;
		};
		D6E9A800288474C50097E71C /* Debug */ = {
			isa = XCBuildConfiguration;
			baseConfigurationReference = 150459EC447E59A19D501C48 /* Pods-ManyHands.debug.xcconfig */;
			buildSettings = {
				ASSETCATALOG_COMPILER_APPICON_NAME = AppIcon;
				ASSETCATALOG_COMPILER_GLOBAL_ACCENT_COLOR_NAME = AccentColor;
				CODE_SIGN_ENTITLEMENTS = ManyHands/ManyHands.entitlements;
				CODE_SIGN_STYLE = Automatic;
				CURRENT_PROJECT_VERSION = 1;
				DEVELOPMENT_TEAM = "";
				GENERATE_INFOPLIST_FILE = YES;
				INFOPLIST_FILE = ManyHands/Info.plist;
				INFOPLIST_KEY_UIApplicationSupportsIndirectInputEvents = YES;
				INFOPLIST_KEY_UILaunchStoryboardName = LaunchScreen;
				INFOPLIST_KEY_UIMainStoryboardFile = Main;
				INFOPLIST_KEY_UISupportedInterfaceOrientations = UIInterfaceOrientationPortrait;
				INFOPLIST_KEY_UISupportedInterfaceOrientations_iPad = "UIInterfaceOrientationPortrait UIInterfaceOrientationPortraitUpsideDown UIInterfaceOrientationLandscapeLeft UIInterfaceOrientationLandscapeRight";
				INFOPLIST_KEY_UISupportedInterfaceOrientations_iPhone = "UIInterfaceOrientationPortrait UIInterfaceOrientationLandscapeLeft UIInterfaceOrientationLandscapeRight";
				IPHONEOS_DEPLOYMENT_TARGET = 15.0;
				LD_RUNPATH_SEARCH_PATHS = (
					"$(inherited)",
					"@executable_path/Frameworks",
				);
				MARKETING_VERSION = 1.0;
				PRODUCT_BUNDLE_IDENTIFIER = com.xyri.ManyHands;
				PRODUCT_NAME = "$(TARGET_NAME)";
				SWIFT_EMIT_LOC_STRINGS = YES;
				SWIFT_VERSION = 5.0;
				TARGETED_DEVICE_FAMILY = 1;
				TVOS_DEPLOYMENT_TARGET = 15.0;
			};
			name = Debug;
		};
		D6E9A801288474C50097E71C /* Release */ = {
			isa = XCBuildConfiguration;
			baseConfigurationReference = 7E9BE6748D92D16731BC5841 /* Pods-ManyHands.release.xcconfig */;
			buildSettings = {
				ASSETCATALOG_COMPILER_APPICON_NAME = AppIcon;
				ASSETCATALOG_COMPILER_GLOBAL_ACCENT_COLOR_NAME = AccentColor;
				CODE_SIGN_ENTITLEMENTS = ManyHands/ManyHands.entitlements;
				CODE_SIGN_STYLE = Automatic;
				CURRENT_PROJECT_VERSION = 1;
				DEVELOPMENT_TEAM = "";
				GENERATE_INFOPLIST_FILE = YES;
				INFOPLIST_FILE = ManyHands/Info.plist;
				INFOPLIST_KEY_UIApplicationSupportsIndirectInputEvents = YES;
				INFOPLIST_KEY_UILaunchStoryboardName = LaunchScreen;
				INFOPLIST_KEY_UIMainStoryboardFile = Main;
				INFOPLIST_KEY_UISupportedInterfaceOrientations = UIInterfaceOrientationPortrait;
				INFOPLIST_KEY_UISupportedInterfaceOrientations_iPad = "UIInterfaceOrientationPortrait UIInterfaceOrientationPortraitUpsideDown UIInterfaceOrientationLandscapeLeft UIInterfaceOrientationLandscapeRight";
				INFOPLIST_KEY_UISupportedInterfaceOrientations_iPhone = "UIInterfaceOrientationPortrait UIInterfaceOrientationLandscapeLeft UIInterfaceOrientationLandscapeRight";
				IPHONEOS_DEPLOYMENT_TARGET = 15.0;
				LD_RUNPATH_SEARCH_PATHS = (
					"$(inherited)",
					"@executable_path/Frameworks",
				);
				MARKETING_VERSION = 1.0;
				PRODUCT_BUNDLE_IDENTIFIER = com.xyri.ManyHands;
				PRODUCT_NAME = "$(TARGET_NAME)";
				SWIFT_EMIT_LOC_STRINGS = YES;
				SWIFT_VERSION = 5.0;
				TARGETED_DEVICE_FAMILY = 1;
				TVOS_DEPLOYMENT_TARGET = 15.0;
			};
			name = Release;
		};
		D6E9A803288474C50097E71C /* Debug */ = {
			isa = XCBuildConfiguration;
			baseConfigurationReference = 74A299F6F3DD4ABBCD3013B0 /* Pods-ManyHandsTests.debug.xcconfig */;
			buildSettings = {
				BUNDLE_LOADER = "$(TEST_HOST)";
				CODE_SIGN_STYLE = Automatic;
				CURRENT_PROJECT_VERSION = 1;
				DEVELOPMENT_TEAM = F36HFTP3DV;
				GENERATE_INFOPLIST_FILE = YES;
				IPHONEOS_DEPLOYMENT_TARGET = 15.0;
				MARKETING_VERSION = 1.0;
				PRODUCT_BUNDLE_IDENTIFIER = com.xyri.ManyHandsTests;
				PRODUCT_NAME = "$(TARGET_NAME)";
				SWIFT_EMIT_LOC_STRINGS = NO;
				SWIFT_VERSION = 5.0;
				TARGETED_DEVICE_FAMILY = "1,2";
				TEST_HOST = "$(BUILT_PRODUCTS_DIR)/ManyHands.app/ManyHands";
				TVOS_DEPLOYMENT_TARGET = 15.0;
			};
			name = Debug;
		};
		D6E9A804288474C50097E71C /* Release */ = {
			isa = XCBuildConfiguration;
			baseConfigurationReference = F8B0B4285490DB7A9A1577E3 /* Pods-ManyHandsTests.release.xcconfig */;
			buildSettings = {
				BUNDLE_LOADER = "$(TEST_HOST)";
				CODE_SIGN_STYLE = Automatic;
				CURRENT_PROJECT_VERSION = 1;
				DEVELOPMENT_TEAM = F36HFTP3DV;
				GENERATE_INFOPLIST_FILE = YES;
				IPHONEOS_DEPLOYMENT_TARGET = 15.0;
				MARKETING_VERSION = 1.0;
				PRODUCT_BUNDLE_IDENTIFIER = com.xyri.ManyHandsTests;
				PRODUCT_NAME = "$(TARGET_NAME)";
				SWIFT_EMIT_LOC_STRINGS = NO;
				SWIFT_VERSION = 5.0;
				TARGETED_DEVICE_FAMILY = "1,2";
				TEST_HOST = "$(BUILT_PRODUCTS_DIR)/ManyHands.app/ManyHands";
				TVOS_DEPLOYMENT_TARGET = 15.0;
			};
			name = Release;
		};
		D6E9A806288474C50097E71C /* Debug */ = {
			isa = XCBuildConfiguration;
			baseConfigurationReference = 302A0A248DF07088449F9DB1 /* Pods-ManyHands-ManyHandsUITests.debug.xcconfig */;
			buildSettings = {
				CODE_SIGN_STYLE = Automatic;
				CURRENT_PROJECT_VERSION = 1;
				DEVELOPMENT_TEAM = F36HFTP3DV;
				GENERATE_INFOPLIST_FILE = YES;
				MARKETING_VERSION = 1.0;
				PRODUCT_BUNDLE_IDENTIFIER = com.xyri.ManyHandsUITests;
				PRODUCT_NAME = "$(TARGET_NAME)";
				SWIFT_EMIT_LOC_STRINGS = NO;
				SWIFT_VERSION = 5.0;
				TARGETED_DEVICE_FAMILY = "1,2";
				TEST_TARGET_NAME = ManyHands;
				TVOS_DEPLOYMENT_TARGET = 15.0;
			};
			name = Debug;
		};
		D6E9A807288474C50097E71C /* Release */ = {
			isa = XCBuildConfiguration;
			baseConfigurationReference = 871463FD613931B07422618C /* Pods-ManyHands-ManyHandsUITests.release.xcconfig */;
			buildSettings = {
				CODE_SIGN_STYLE = Automatic;
				CURRENT_PROJECT_VERSION = 1;
				DEVELOPMENT_TEAM = F36HFTP3DV;
				GENERATE_INFOPLIST_FILE = YES;
				MARKETING_VERSION = 1.0;
				PRODUCT_BUNDLE_IDENTIFIER = com.xyri.ManyHandsUITests;
				PRODUCT_NAME = "$(TARGET_NAME)";
				SWIFT_EMIT_LOC_STRINGS = NO;
				SWIFT_VERSION = 5.0;
				TARGETED_DEVICE_FAMILY = "1,2";
				TEST_TARGET_NAME = ManyHands;
				TVOS_DEPLOYMENT_TARGET = 15.0;
			};
			name = Release;
		};
/* End XCBuildConfiguration section */

/* Begin XCConfigurationList section */
		D6E9A7D0288474C30097E71C /* Build configuration list for PBXProject "ManyHands" */ = {
			isa = XCConfigurationList;
			buildConfigurations = (
				D6E9A7FD288474C50097E71C /* Debug */,
				D6E9A7FE288474C50097E71C /* Release */,
			);
			defaultConfigurationIsVisible = 0;
			defaultConfigurationName = Release;
		};
		D6E9A7FF288474C50097E71C /* Build configuration list for PBXNativeTarget "ManyHands" */ = {
			isa = XCConfigurationList;
			buildConfigurations = (
				D6E9A800288474C50097E71C /* Debug */,
				D6E9A801288474C50097E71C /* Release */,
			);
			defaultConfigurationIsVisible = 0;
			defaultConfigurationName = Release;
		};
		D6E9A802288474C50097E71C /* Build configuration list for PBXNativeTarget "ManyHandsTests" */ = {
			isa = XCConfigurationList;
			buildConfigurations = (
				D6E9A803288474C50097E71C /* Debug */,
				D6E9A804288474C50097E71C /* Release */,
			);
			defaultConfigurationIsVisible = 0;
			defaultConfigurationName = Release;
		};
		D6E9A805288474C50097E71C /* Build configuration list for PBXNativeTarget "ManyHandsUITests" */ = {
			isa = XCConfigurationList;
			buildConfigurations = (
				D6E9A806288474C50097E71C /* Debug */,
				D6E9A807288474C50097E71C /* Release */,
			);
			defaultConfigurationIsVisible = 0;
			defaultConfigurationName = Release;
		};
/* End XCConfigurationList section */
	};
	rootObject = D6E9A7CD288474C30097E71C /* Project object */;
}
